
Microsoft Visual Studio Solution File, Format Version 12.00
Project("{2150E333-8FDC-42A3-9474-1A3956D46DE8}") = "Core", "Core", "{023AEA6E-2435-4F04-A7E2-D5095EB9E1DA}"
EndProject
Project("{FAE04EC0-301F-11D3-BF4B-00C04F79EFBC}") = "Market.DTO", "Market.DTO\Market.DTO.csproj", "{C5CFF3A2-0195-4EC8-B13C-17F0ED10C755}"
EndProject
Project("{FAE04EC0-301F-11D3-BF4B-00C04F79EFBC}") = "Market.Services", "Market.Services\Market.Services.csproj", "{C0E39B3A-B9FA-4C64-A7AD-21E5B023C311}"
EndProject
Project("{2150E333-8FDC-42A3-9474-1A3956D46DE8}") = "Database", "Database", "{13E06AC8-6CF3-4559-99B6-123A38BE2592}"
EndProject
Project("{42EA0DBD-9CF1-443E-919E-BE9C484E4577}") = "Market.Database", "Market.Database\Market.Database.sqlproj", "{38973FA3-3B96-4D79-B36A-5C8612A0EA3E}"
EndProject
Project("{2150E333-8FDC-42A3-9474-1A3956D46DE8}") = "Infrastructure", "Infrastructure", "{172F733F-54F6-440C-9960-B55F66D0792C}"
EndProject
Project("{FAE04EC0-301F-11D3-BF4B-00C04F79EFBC}") = "Market.Extensions", "Market.Extensions\Market.Extensions.csproj", "{7AB3F7A4-1255-49A7-8D82-7048EB7BF94E}"
EndProject
Project("{FAE04EC0-301F-11D3-BF4B-00C04F79EFBC}") = "Market.Repositories", "Market.Repositories\Market.Repositories.csproj", "{0FC8F699-02D6-4EB2-9F22-55DA06BD77A5}"
EndProject
Project("{2150E333-8FDC-42A3-9474-1A3956D46DE8}") = "Presentation", "Presentation", "{13489F52-F999-4C40-B7B9-DE4632B23C90}"
EndProject
Project("{2150E333-8FDC-42A3-9474-1A3956D46DE8}") = "Tests", "Tests", "{BD2A30D9-DE25-4D90-A9A1-B3192EE74D96}"
EndProject
Project("{FAE04EC0-301F-11D3-BF4B-00C04F79EFBC}") = "Market.Tests", "Market.Tests\Market.Tests.csproj", "{8E11154A-D60E-4EC7-9978-2D90A217CF13}"
EndProject
Global
	GlobalSection(SolutionConfigurationPlatforms) = preSolution
		Debug|Any CPU = Debug|Any CPU
		Release|Any CPU = Release|Any CPU
	EndGlobalSection
	GlobalSection(ProjectConfigurationPlatforms) = postSolution
		{C5CFF3A2-0195-4EC8-B13C-17F0ED10C755}.Debug|Any CPU.ActiveCfg = Debug|Any CPU
		{C5CFF3A2-0195-4EC8-B13C-17F0ED10C755}.Debug|Any CPU.Build.0 = Debug|Any CPU
		{C5CFF3A2-0195-4EC8-B13C-17F0ED10C755}.Release|Any CPU.ActiveCfg = Release|Any CPU
		{C5CFF3A2-0195-4EC8-B13C-17F0ED10C755}.Release|Any CPU.Build.0 = Release|Any CPU
		{C0E39B3A-B9FA-4C64-A7AD-21E5B023C311}.Debug|Any CPU.ActiveCfg = Debug|Any CPU
		{C0E39B3A-B9FA-4C64-A7AD-21E5B023C311}.Debug|Any CPU.Build.0 = Debug|Any CPU
		{C0E39B3A-B9FA-4C64-A7AD-21E5B023C311}.Release|Any CPU.ActiveCfg = Release|Any CPU
		{C0E39B3A-B9FA-4C64-A7AD-21E5B023C311}.Release|Any CPU.Build.0 = Release|Any CPU
		{38973FA3-3B96-4D79-B36A-5C8612A0EA3E}.Debug|Any CPU.ActiveCfg = Debug|Any CPU
		{38973FA3-3B96-4D79-B36A-5C8612A0EA3E}.Debug|Any CPU.Build.0 = Debug|Any CPU
		{38973FA3-3B96-4D79-B36A-5C8612A0EA3E}.Release|Any CPU.ActiveCfg = Release|Any CPU
		{38973FA3-3B96-4D79-B36A-5C8612A0EA3E}.Release|Any CPU.Build.0 = Release|Any CPU
		{7AB3F7A4-1255-49A7-8D82-7048EB7BF94E}.Debug|Any CPU.ActiveCfg = Debug|Any CPU
		{7AB3F7A4-1255-49A7-8D82-7048EB7BF94E}.Debug|Any CPU.Build.0 = Debug|Any CPU
		{7AB3F7A4-1255-49A7-8D82-7048EB7BF94E}.Release|Any CPU.ActiveCfg = Release|Any CPU
		{7AB3F7A4-1255-49A7-8D82-7048EB7BF94E}.Release|Any CPU.Build.0 = Release|Any CPU
		{0FC8F699-02D6-4EB2-9F22-55DA06BD77A5}.Debug|Any CPU.ActiveCfg = Debug|Any CPU
		{0FC8F699-02D6-4EB2-9F22-55DA06BD77A5}.Debug|Any CPU.Build.0 = Debug|Any CPU
		{0FC8F699-02D6-4EB2-9F22-55DA06BD77A5}.Release|Any CPU.ActiveCfg = Release|Any CPU
		{0FC8F699-02D6-4EB2-9F22-55DA06BD77A5}.Release|Any CPU.Build.0 = Release|Any CPU
		{8E11154A-D60E-4EC7-9978-2D90A217CF13}.Debug|Any CPU.ActiveCfg = Debug|Any CPU
		{8E11154A-D60E-4EC7-9978-2D90A217CF13}.Debug|Any CPU.Build.0 = Debug|Any CPU
		{8E11154A-D60E-4EC7-9978-2D90A217CF13}.Release|Any CPU.ActiveCfg = Release|Any CPU
		{8E11154A-D60E-4EC7-9978-2D90A217CF13}.Release|Any CPU.Build.0 = Release|Any CPU
	EndGlobalSection
	GlobalSection(NestedProjects) = preSolution
		{C5CFF3A2-0195-4EC8-B13C-17F0ED10C755} = {023AEA6E-2435-4F04-A7E2-D5095EB9E1DA}
		{C0E39B3A-B9FA-4C64-A7AD-21E5B023C311} = {023AEA6E-2435-4F04-A7E2-D5095EB9E1DA}
		{38973FA3-3B96-4D79-B36A-5C8612A0EA3E} = {13E06AC8-6CF3-4559-99B6-123A38BE2592}
		{7AB3F7A4-1255-49A7-8D82-7048EB7BF94E} = {172F733F-54F6-440C-9960-B55F66D0792C}
		{0FC8F699-02D6-4EB2-9F22-55DA06BD77A5} = {172F733F-54F6-440C-9960-B55F66D0792C}
		{8E11154A-D60E-4EC7-9978-2D90A217CF13} = {BD2A30D9-DE25-4D90-A9A1-B3192EE74D96}
	EndGlobalSection
EndGlobal
